
Microsoft Visual Studio Solution File, Format Version 12.00
# Visual Studio 15
VisualStudioVersion = 15.0.28010.2016
MinimumVisualStudioVersion = 10.0.40219.1
Project("{9A19103F-16F7-4668-BE54-9A1E7A4F7556}") = "Planets", "Planets\Planets.csproj", "{F6A00470-7732-4019-9B40-18CF7C225772}"
EndProject
Project("{9A19103F-16F7-4668-BE54-9A1E7A4F7556}") = "PlanetSystem", "PlanetSystem\PlanetSystem.csproj", "{071B1EF9-EDA5-4942-981A-BAD10F641B91}"
EndProject
Project("{FAE04EC0-301F-11D3-BF4B-00C04F79EFBC}") = "PlanetSystemUnitTests", "PlanetSystemUnitTests\PlanetSystemUnitTests.csproj", "{225FFB0D-AC11-44E8-98A1-00BE714A4A77}"
EndProject
Global
	GlobalSection(SolutionConfigurationPlatforms) = preSolution
		Debug|Any CPU = Debug|Any CPU
		Release|Any CPU = Release|Any CPU
	EndGlobalSection
	GlobalSection(ProjectConfigurationPlatforms) = postSolution
		{F6A00470-7732-4019-9B40-18CF7C225772}.Debug|Any CPU.ActiveCfg = Debug|Any CPU
		{F6A00470-7732-4019-9B40-18CF7C225772}.Debug|Any CPU.Build.0 = Debug|Any CPU
		{F6A00470-7732-4019-9B40-18CF7C225772}.Release|Any CPU.ActiveCfg = Release|Any CPU
		{F6A00470-7732-4019-9B40-18CF7C225772}.Release|Any CPU.Build.0 = Release|Any CPU
		{071B1EF9-EDA5-4942-981A-BAD10F641B91}.Debug|Any CPU.ActiveCfg = Debug|Any CPU
		{071B1EF9-EDA5-4942-981A-BAD10F641B91}.Debug|Any CPU.Build.0 = Debug|Any CPU
		{071B1EF9-EDA5-4942-981A-BAD10F641B91}.Release|Any CPU.ActiveCfg = Release|Any CPU
		{071B1EF9-EDA5-4942-981A-BAD10F641B91}.Release|Any CPU.Build.0 = Release|Any CPU
		{225FFB0D-AC11-44E8-98A1-00BE714A4A77}.Debug|Any CPU.ActiveCfg = Debug|Any CPU
		{225FFB0D-AC11-44E8-98A1-00BE714A4A77}.Debug|Any CPU.Build.0 = Debug|Any CPU
		{225FFB0D-AC11-44E8-98A1-00BE714A4A77}.Release|Any CPU.ActiveCfg = Release|Any CPU
		{225FFB0D-AC11-44E8-98A1-00BE714A4A77}.Release|Any CPU.Build.0 = Release|Any CPU
	EndGlobalSection
	GlobalSection(SolutionProperties) = preSolution
		HideSolutionNode = FALSE
	EndGlobalSection
	GlobalSection(ExtensibilityGlobals) = postSolution
		SolutionGuid = {512DA950-450A-4B1E-823A-E9761AD9E55D}
	EndGlobalSection
EndGlobal
