
Microsoft Visual Studio Solution File, Format Version 12.00
# Visual Studio 15
VisualStudioVersion = 15.0.28010.2016
MinimumVisualStudioVersion = 10.0.40219.1
Project("{FAE04EC0-301F-11D3-BF4B-00C04F79EFBC}") = "PlanetSystemAPI", "PlanetSystemAPI\PlanetSystemAPI.csproj", "{DDF46A59-5991-40F6-B36A-550320CBB51D}"
EndProject
Global
	GlobalSection(SolutionConfigurationPlatforms) = preSolution
		Debug|Any CPU = Debug|Any CPU
		Release|Any CPU = Release|Any CPU
	EndGlobalSection
	GlobalSection(ProjectConfigurationPlatforms) = postSolution
		{DDF46A59-5991-40F6-B36A-550320CBB51D}.Debug|Any CPU.ActiveCfg = Debug|Any CPU
		{DDF46A59-5991-40F6-B36A-550320CBB51D}.Debug|Any CPU.Build.0 = Debug|Any CPU
		{DDF46A59-5991-40F6-B36A-550320CBB51D}.Release|Any CPU.ActiveCfg = Release|Any CPU
		{DDF46A59-5991-40F6-B36A-550320CBB51D}.Release|Any CPU.Build.0 = Release|Any CPU
	EndGlobalSection
	GlobalSection(SolutionProperties) = preSolution
		HideSolutionNode = FALSE
	EndGlobalSection
	GlobalSection(ExtensibilityGlobals) = postSolution
		SolutionGuid = {594FF462-EE4F-4E3A-AA2F-9408E1CEED7B}
	EndGlobalSection
EndGlobal
